
Microsoft Visual Studio Solution File, Format Version 12.00
# Visual Studio Version 17
VisualStudioVersion = 17.13.35919.96 d17.13
MinimumVisualStudioVersion = 10.0.40219.1
Project("{FAE04EC0-301F-11D3-BF4B-00C04F79EFBC}") = "EFCore_CF_01", "EFCore_CF_01.csproj", "{57E93E35-2943-45F3-9418-AD7CA9DB0CCC}"
EndProject
Global
	GlobalSection(SolutionConfigurationPlatforms) = preSolution
		Debug|Any CPU = Debug|Any CPU
		Release|Any CPU = Release|Any CPU
	EndGlobalSection
	GlobalSection(ProjectConfigurationPlatforms) = postSolution
		{57E93E35-2943-45F3-9418-AD7CA9DB0CCC}.Debug|Any CPU.ActiveCfg = Debug|Any CPU
		{57E93E35-2943-45F3-9418-AD7CA9DB0CCC}.Debug|Any CPU.Build.0 = Debug|Any CPU
		{57E93E35-2943-45F3-9418-AD7CA9DB0CCC}.Release|Any CPU.ActiveCfg = Release|Any CPU
		{57E93E35-2943-45F3-9418-AD7CA9DB0CCC}.Release|Any CPU.Build.0 = Release|Any CPU
	EndGlobalSection
	GlobalSection(SolutionProperties) = preSolution
		HideSolutionNode = FALSE
	EndGlobalSection
	GlobalSection(ExtensibilityGlobals) = postSolution
		SolutionGuid = {0FDF9F5D-61F4-4C82-8DC1-A32F91AF3BCF}
	EndGlobalSection
EndGlobal
